github.com/BurntSushi/toml v0.3.1 h1:WXkYYl6Yr3qBf1K79EBnL4mak0OimBfB0XUf9Vl28OQ=
github.com/BurntSushi/toml v0.3.1/go.mod h1:xHWCNGjB5oqiDr8zfno3MHue2Ht5sIBksp03qcyfWMU=
github.com/adrg/frontmatter v0.2.0 h1:/DgnNe82o03riBd1S+ZDjd43wAmC6W35q67NHeLkPd4=
github.com/adrg/frontmatter v0.2.0/go.mod h1:93rQCj3z3ZlwyxxpQioRKC1wDLto4aXHrbqIsnH9wmE=
github.com/alecthomas/chroma v0.10.0 h1:7XDcGkCQopCNKjZHfYrNLraA+M7e0fMiJ/Mfikbfjek=
github.com/alecthomas/chroma v0.10.0/go.mod h1:jtJATyUxlIORhUOFNA9NZDWGAQ8wpxQQqNSB4rjA/1s=
github.com/algolia/algoliasearch-client-go/v3 v3.30.0 h1:sZvynLYzLrDok2uqQoN3JmUkRUbs4HvLmdf1uvGFXL8=
github.com/algolia/algoliasearch-client-go/v3 v3.30.0/go.mod h1:i7tLoP7TYDmHX3Q7vkIOL4syVse/k5VJ+k0i8WqFiJk=
github.com/davecgh/go-spew v1.1.0/go.mod h1:J7Y8YcW2NihsgmVo/mv3lAwl/skON4iLHjSsI+c5H38=
github.com/davecgh/go-spew v1.1.1 h1:vj9j/u1bqnvCEfJOwUhtlOARqs3+rkHYY13jYWTU97c=
github.com/davecgh/go-spew v1.1.1/go.mod h1:J7Y8YcW2NihsgmVo/mv3lAwl/skON4iLHjSsI+c5H38=
github.com/dlclark/regexp2 v1.4.0 h1:F1rxgk7p4uKjwIQxBs9oAXe5CqrXlCduYEJvrF4u93E=
github.com/dlclark/regexp2 v1.4.0/go.mod h1:2pZnwuY/m+8K6iRw6wQdMtk+rH5tNGR1i55kozfMjCc=
github.com/go-chi/chi/v5 v5.0.8 h1:lD+NLqFcAi1ovnVZpsnObHGW4xb4J8lNmoYVfECH1Y0=
github.com/go-chi/chi/v5 v5.0.8/go.mod h1:DslCQbL2OYiznFReuXYUmQ2hGd1aDpCnlMNITLSKoi8=
github.com/gomarkdown/markdown v0.0.0-20230322041520-c84983bdbf2a h1:AWZzzFrqyjYlRloN6edwTLTUbKxf5flLXNuTBDm3Ews=
github.com/gomarkdown/markdown v0.0.0-20230322041520-c84983bdbf2a/go.mod h1:JDGcbDT52eL4fju3sZ4TeHGsQwhG9nbDV21aMyhwPoA=
github.com/gorilla/schema v1.2.0 h1:YufUaxZYCKGFuAq3c96BOhjgd5nmXiOY9NGzF247Tsc=
github.com/gorilla/schema v1.2.0/go.mod h1:kgLaKoK1FELgZqMAVxx/5cbj0kT+57qxUrAlIO2eleU=
github.com/gorilla/websocket v1.5.0 h1:PPwGk2jz7EePpoHN/+ClbZu8SPxiqlu12wZP/3sWmnc=
github.com/gorilla/websocket v1.5.0/go.mod h1:YR8l580nyteQvAITg2hZ9XVh4b55+EU/adAjf1fMHhE=
github.com/joho/godotenv v1.5.1 h1:7eLL/+HRGLY0ldzfGMeQkb7vMd0as4CfYvUVzLqw0N0=
github.com/joho/godotenv v1.5.1/go.mod h1:f4LDr5Voq0i2e/R5DDNOoa2zzDfwtkZa6DnEwAbqwq4=
github.com/maragudk/gomponents v0.20.1 h1:TeJY1fXEcfUvzmvjeUgxol42dvkYMggK1c0V67crWWs=
github.com/maragudk/gomponents v0.20.1/go.mod h1:nHkNnZL6ODgMBeJhrZjkMHVvNdoYsfmpKB2/hjdQ0Hg=
github.com/pkg/errors v0.9.1 h1:FEBLx1zS214owpjy7qsBeixbURkuhQAwrK5UwLGTwt4=
github.com/pkg/errors v0.9.1/go.mod h1:bwawxfHBFNV+L2hUp1rHADufV3IMtnDRdf1r5NINEl0=
github.com/pmezard/go-difflib v1.0.0 h1:4DBwDE0NGyQoBHbLQYPwSUPoCMWR5BEzIk/f1lZbAQM=
github.com/pmezard/go-difflib v1.0.0/go.mod h1:iKH77koFhYxTK1pcRnkKkqfTogsbg7gZNVY4sRDYZ/4=
github.com/stretchr/objx v0.1.0/go.mod h1:HFkY916IF+rwdDfMAkV7OtwuqBVzrE8GR6GFx+wExME=
github.com/stretchr/testify v1.5.1/go.mod h1:5W2xD1RspED5o8YsWQXVCued0rvSQ+mT+I5cxcmMvtA=
github.com/stretchr/testify v1.7.0/go.mod h1:6Fq8oRcR53rry900zMqJjRRixrwX3KX962/h/Wwjteg=
github.com/stretchr/testify v1.8.4 h1:CcVxjf3Q8PM0mHUKJCdn+eZZtm5yQwehR5yeSVQQcUk=
github.com/stretchr/testify v1.8.4/go.mod h1:sz/lmYIOXD/1dqDmKjjqLyZ2RngseejIcXlSw2iwfAo=
github.com/tylermmorton/tmpl v0.0.0-20230701185559-8d938f369b03 h1:ELOZGFc0ANOQTktE8wnvLrtnr+0639h3iAwbV5mAwrw=
github.com/tylermmorton/tmpl v0.0.0-20230701185559-8d938f369b03/go.mod h1:aFT85F39qRY7ZZT5pHU01s1Ru3o9EOmbd+UjbrxxHw4=
github.com/tylermmorton/tmpl v0.0.0-20230706185924-e950caf5d0fe h1:shuQVz9nerCvSgwm9BzeIn0CVs8D5YX9DRUZZ5qr6lA=
github.com/tylermmorton/tmpl v0.0.0-20230706185924-e950caf5d0fe/go.mod h1:aFT85F39qRY7ZZT5pHU01s1Ru3o9EOmbd+UjbrxxHw4=
github.com/tylermmorton/tmpl v0.0.0-20230706193716-2b5a724a3ce5 h1:Yb8wOAToBt7tSVazdsMX2wU3PoWCQ6+BApR4VyNCQLU=
github.com/tylermmorton/tmpl v0.0.0-20230706193716-2b5a724a3ce5/go.mod h1:aFT85F39qRY7ZZT5pHU01s1Ru3o9EOmbd+UjbrxxHw4=
github.com/tylermmorton/tmpl v0.0.0-20230706203007-38c66025dd46 h1:BpI7w719vFaAGnA5hIvzqrTpi5RuAGd/Ilr5yLiVBr4=
github.com/tylermmorton/tmpl v0.0.0-20230706203007-38c66025dd46/go.mod h1:aFT85F39qRY7ZZT5pHU01s1Ru3o9EOmbd+UjbrxxHw4=
github.com/tylermmorton/tmpl v0.0.0-20230706211905-a04af95a9f93 h1:7Oy0dr4H4f4tERQDKeMrI4unIMyKdcdxWlF0hB80OFE=
github.com/tylermmorton/tmpl v0.0.0-20230706211905-a04af95a9f93/go.mod h1:aFT85F39qRY7ZZT5pHU01s1Ru3o9EOmbd+UjbrxxHw4=
github.com/tylermmorton/torque v0.0.0-20230602053118-2b55e50be721 h1:3VihvqpmQSY96QpwM10Sm8713Bd0g0SBIeDRMUNzpAQ=
github.com/tylermmorton/torque v0.0.0-20230602053118-2b55e50be721/go.mod h1:eiwd9UG0V2k470MeSNmwNiIHrvIDEPACsN2lz9zsLpQ=
github.com/tylermmorton/torque v0.0.0-20230702231922-b4896639a2be h1:6so7+DeQEB1L9xElmZEV3bcCtrug6uihIQ+yW5q8yNs=
github.com/tylermmorton/torque v0.0.0-20230702231922-b4896639a2be/go.mod h1:XdtVz6SbZh+ZiHLTrowzOKkxdreAtrCnEBGTX29WiPs=
github.com/tylermmorton/torque v0.0.0-20230703154651-c270e079c71a h1:YkLpPcalbkX/QNtF7gHw1tNXCsCEw0m8/GO8jKfvCK8=
github.com/tylermmorton/torque v0.0.0-20230703154651-c270e079c71a/go.mod h1:XdtVz6SbZh+ZiHLTrowzOKkxdreAtrCnEBGTX29WiPs=
gopkg.in/check.v1 v0.0.0-20161208181325-20d25e280405 h1:yhCVgyC4o1eVCa2tZl7eS0r+SDo693bJlVdllGtEeKM=
gopkg.in/check.v1 v0.0.0-20161208181325-20d25e280405/go.mod h1:Co6ibVJAznAaIkqp8huTwlJQCZ016jof/cbN4VW5Yz0=
gopkg.in/yaml.v2 v2.2.2/go.mod h1:hI93XBmqTisBFMUTm0b8Fm+jr3Dg1NNxqwp+5A1VGuI=
gopkg.in/yaml.v2 v2.2.8/go.mod h1:hI93XBmqTisBFMUTm0b8Fm+jr3Dg1NNxqwp+5A1VGuI=
gopkg.in/yaml.v2 v2.3.0 h1:clyUAQHOM3G0M3f5vQj7LuJrETvjVot3Z5el9nffUtU=
gopkg.in/yaml.v2 v2.3.0/go.mod h1:hI93XBmqTisBFMUTm0b8Fm+jr3Dg1NNxqwp+5A1VGuI=
gopkg.in/yaml.v3 v3.0.0-20200313102051-9f266ea9e77c/go.mod h1:K4uyk7z7BCEPqu6E+C64Yfv1cQ7kz7rIZviUmN+EgEM=
gopkg.in/yaml.v3 v3.0.1 h1:fxVm/GzAzEWqLHuvctI91KS9hhNmmWOoWu0XTYJS7CA=
gopkg.in/yaml.v3 v3.0.1/go.mod h1:K4uyk7z7BCEPqu6E+C64Yfv1cQ7kz7rIZviUmN+EgEM=
